PODS:
  - Capacitor (8.5.2):
    - CapacitorCordova
  - CapacitorCordova (8.5.2)
  - SkirmishStore (1.0.0):
    - Capacitor

DEPENDENCIES:
  - "Capacitor (from `../../node_modules/@capacitor/ios`)"
  - "CapacitorCordova (from `../../node_modules/@capacitor/ios`)"
  - SkirmishStore (from `../../plugins/skirmish-store`)

EXTERNAL SOURCES:
  Capacitor:
    :path: "../../node_modules/@capacitor/ios"
  CapacitorCordova:
    :path: "../../node_modules/@capacitor/ios"
  SkirmishStore:
    :path: "../../plugins/skirmish-store"

SPEC CHECKSUMS:
  Capacitor: 89067779e14fb7ea56af07b4817f45d1f0c2a269
  CapacitorCordova: 5bec5648cbd09a176ce34ce5e7b6cdabb2c8a327
  SkirmishStore: 68e0f77cf7467d225fc1fe62d5dc4ce42a51325b

PODFILE CHECKSUM: 39f3f99483a68870f89e66e571a283067fcfcff0

COCOAPODS: 1.17.0
